
Microsoft Visual Studio Solution File, Format Version 12.00
#
Project("{9A19103F-16F7-4668-BE54-9A1E7A4F7556}") = "_build", "build\_build.csproj", "{9EA5F468-489C-492A-AE8C-F5827C1393CA}"
EndProject
Project("{2150E333-8FDC-42A3-9474-1A3956D46DE8}") = "build", "build", "{20CBEDAE-8873-4600-B3F4-6100A5F2A750}"
EndProject
Project("{2150E333-8FDC-42A3-9474-1A3956D46DE8}") = "src", "src", "{E943B1BF-73FE-4E08-AE15-AC2837E0D5B7}"
EndProject
Project("{2150E333-8FDC-42A3-9474-1A3956D46DE8}") = "API", "API", "{215C5E2C-9B83-4BD7-A8AF-21FA1CEAD5A7}"
EndProject
Project("{FAE04EC0-301F-11D3-BF4B-00C04F79EFBC}") = "Heyer.Storage.API", "src\API\Heyer.Storage.API\Heyer.Storage.API.csproj", "{E9CC6777-9C62-4A82-84DE-B3FD970D2EB3}"
EndProject
Project("{2150E333-8FDC-42A3-9474-1A3956D46DE8}") = "tests", "tests", "{8D8A76C3-5F89-42A3-88CC-16E7AD55F74C}"
EndProject
Project("{2150E333-8FDC-42A3-9474-1A3956D46DE8}") = "API", "API", "{50CAFB61-2A91-4E28-8219-EEE536338B75}"
EndProject
Project("{FAE04EC0-301F-11D3-BF4B-00C04F79EFBC}") = "Heyer.Storage.API.Tests", "tests\API\Heyer.Storage.API.Tests\Heyer.Storage.API.Tests.csproj", "{256EC439-2FF1-4F2E-B927-4AC5F793DF49}"
EndProject
Project("{FAE04EC0-301F-11D3-BF4B-00C04F79EFBC}") = "Heyer.Storage.API.Client", "src\API\Heyer.Storage.API.Client\Heyer.Storage.API.Client.csproj", "{59EFDDEB-B067-4149-B0C5-A4304D9146B1}"
EndProject
Project("{2150E333-8FDC-42A3-9474-1A3956D46DE8}") = "BuildingBlocks", "BuildingBlocks", "{17B28760-FB62-43DD-AF01-287DB6534B56}"
EndProject
Project("{FAE04EC0-301F-11D3-BF4B-00C04F79EFBC}") = "Heyer.BuildingBlocks.Application", "src/BuildingBlocks/Heyer.BuildingBlocks.Application\Heyer.BuildingBlocks.Application.csproj", "{FFC13D8D-2783-4B96-AE18-69F3421E0628}"
EndProject
Project("{FAE04EC0-301F-11D3-BF4B-00C04F79EFBC}") = "Heyer.BuildingBlocks.Infrastructure", "src/BuildingBlocks/Heyer.BuildingBlocks.Infrastructure\Heyer.BuildingBlocks.Infrastructure.csproj", "{ACA2C947-36C0-4961-9752-AF6E2EF17B74}"
EndProject
Project("{FAE04EC0-301F-11D3-BF4B-00C04F79EFBC}") = "Heyer.API", "src\API\Heyer.API\Heyer.API.csproj", "{368CA0EE-9DB7-4CCF-9909-5484C50A30EA}"
EndProject
Project("{FAE04EC0-301F-11D3-BF4B-00C04F79EFBC}") = "Heyer.Modules.Candidates.Application.Tests", "tests\Modules\Heyer.Modules.Candidates.Application.Tests\Heyer.Modules.Candidates.Application.Tests.csproj", "{0CC20B2A-0A75-4CE7-972D-0CFFE667D50F}"
EndProject
Project("{2150E333-8FDC-42A3-9474-1A3956D46DE8}") = "Modules", "Modules", "{A5A7F993-11ED-4FC2-A82A-A3FD48FD5C09}"
EndProject
Project("{2150E333-8FDC-42A3-9474-1A3956D46DE8}") = "Modules", "Modules", "{259AC0C7-1E11-4C38-878A-B8677C7125A6}"
EndProject
Project("{FAE04EC0-301F-11D3-BF4B-00C04F79EFBC}") = "Heyer.Modules.Candidates.Application", "src\Modules\Candidates\Heyer.Modules.Candidates.Application\Heyer.Modules.Candidates.Application.csproj", "{186D8343-0CB5-4255-8A43-178DBA7BC52B}"
EndProject
Project("{FAE04EC0-301F-11D3-BF4B-00C04F79EFBC}") = "Heyer.Modules.Candidates.Domain", "src\Modules\Candidates\Heyer.Modules.Candidates.Domain\Heyer.Modules.Candidates.Domain.csproj", "{240E9583-C90B-40A2-BBE9-74D68260056A}"
EndProject
Project("{FAE04EC0-301F-11D3-BF4B-00C04F79EFBC}") = "Heyer.Modules.Candidates.IntegrationEvents", "src\Modules\Candidates\Heyer.Modules.Candidates.IntegrationEvents\Heyer.Modules.Candidates.IntegrationEvents.csproj", "{EFA52A9B-3797-4997-BCD7-6236930E22F1}"
EndProject
Project("{2150E333-8FDC-42A3-9474-1A3956D46DE8}") = "Candidates", "Candidates", "{792152C2-1372-4AED-9772-156B90BB3357}"
EndProject
Project("{FAE04EC0-301F-11D3-BF4B-00C04F79EFBC}") = "Heyer.BuildingBlocks.Domain", "src\BuildingBlocks\Heyer.BuildingBlocks.Domain\Heyer.BuildingBlocks.Domain.csproj", "{4EFBDAAA-729E-4E95-B636-1BFAF525A566}"
EndProject
Project("{FAE04EC0-301F-11D3-BF4B-00C04F79EFBC}") = "Heyer.Modules.Candidates.Domain.Tests", "tests\Modules\Heyer.Modules.Candidates.Domain.Tests\Heyer.Modules.Candidates.Domain.Tests.csproj", "{D729FBBD-3967-4C1A-A652-14AA7EAD1BC6}"
EndProject
Project("{FAE04EC0-301F-11D3-BF4B-00C04F79EFBC}") = "Heyer.Modules.Candidates.Infrastructure", "src\Modules\Candidates\Heyer.Modules.Candidates.Infrastructure\Heyer.Modules.Candidates.Infrastructure.csproj", "{99F342BB-A7AC-490B-8717-D5190BB78C03}"
EndProject
Project("{2150E333-8FDC-42A3-9474-1A3956D46DE8}") = "BuildingBlocks", "BuildingBlocks", "{B4F8E1CA-386D-423B-AEA9-ABDCCFF6ACB1}"
EndProject
Project("{FAE04EC0-301F-11D3-BF4B-00C04F79EFBC}") = "Heyer.BuildingBlocks.Domain.Tests", "tests\BuildingBlocks\Heyer.BuildingBlocks.Domain.Tests\Heyer.BuildingBlocks.Domain.Tests.csproj", "{66D3A35A-909B-40DE-A33E-B0AC76CEB649}"
EndProject
Project("{FAE04EC0-301F-11D3-BF4B-00C04F79EFBC}") = "Heyer.BuildingBlocks.Infrastructure.Tests", "tests\BuildingBlocks\Heyer.BuildingBlocks.Infrastructure.Tests\Heyer.BuildingBlocks.Infrastructure.Tests.csproj", "{AB7F856E-BCA0-4DCE-A9E8-4357E5012BB9}"
EndProject
Global
	GlobalSection(SolutionConfigurationPlatforms) = preSolution
		Debug|Any CPU = Debug|Any CPU
		Release|Any CPU = Release|Any CPU
	EndGlobalSection
	GlobalSection(ProjectConfigurationPlatforms) = postSolution
		{9EA5F468-489C-492A-AE8C-F5827C1393CA}.Debug|Any CPU.ActiveCfg = Debug|Any CPU
		{9EA5F468-489C-492A-AE8C-F5827C1393CA}.Release|Any CPU.ActiveCfg = Release|Any CPU
		{E9CC6777-9C62-4A82-84DE-B3FD970D2EB3}.Debug|Any CPU.ActiveCfg = Debug|Any CPU
		{E9CC6777-9C62-4A82-84DE-B3FD970D2EB3}.Debug|Any CPU.Build.0 = Debug|Any CPU
		{E9CC6777-9C62-4A82-84DE-B3FD970D2EB3}.Release|Any CPU.ActiveCfg = Release|Any CPU
		{E9CC6777-9C62-4A82-84DE-B3FD970D2EB3}.Release|Any CPU.Build.0 = Release|Any CPU
		{256EC439-2FF1-4F2E-B927-4AC5F793DF49}.Debug|Any CPU.ActiveCfg = Debug|Any CPU
		{256EC439-2FF1-4F2E-B927-4AC5F793DF49}.Debug|Any CPU.Build.0 = Debug|Any CPU
		{256EC439-2FF1-4F2E-B927-4AC5F793DF49}.Release|Any CPU.ActiveCfg = Release|Any CPU
		{256EC439-2FF1-4F2E-B927-4AC5F793DF49}.Release|Any CPU.Build.0 = Release|Any CPU
		{59EFDDEB-B067-4149-B0C5-A4304D9146B1}.Debug|Any CPU.ActiveCfg = Debug|Any CPU
		{59EFDDEB-B067-4149-B0C5-A4304D9146B1}.Debug|Any CPU.Build.0 = Debug|Any CPU
		{59EFDDEB-B067-4149-B0C5-A4304D9146B1}.Release|Any CPU.ActiveCfg = Release|Any CPU
		{59EFDDEB-B067-4149-B0C5-A4304D9146B1}.Release|Any CPU.Build.0 = Release|Any CPU
		{FFC13D8D-2783-4B96-AE18-69F3421E0628}.Debug|Any CPU.ActiveCfg = Debug|Any CPU
		{FFC13D8D-2783-4B96-AE18-69F3421E0628}.Debug|Any CPU.Build.0 = Debug|Any CPU
		{FFC13D8D-2783-4B96-AE18-69F3421E0628}.Release|Any CPU.ActiveCfg = Release|Any CPU
		{FFC13D8D-2783-4B96-AE18-69F3421E0628}.Release|Any CPU.Build.0 = Release|Any CPU
		{ACA2C947-36C0-4961-9752-AF6E2EF17B74}.Debug|Any CPU.ActiveCfg = Debug|Any CPU
		{ACA2C947-36C0-4961-9752-AF6E2EF17B74}.Debug|Any CPU.Build.0 = Debug|Any CPU
		{ACA2C947-36C0-4961-9752-AF6E2EF17B74}.Release|Any CPU.ActiveCfg = Release|Any CPU
		{ACA2C947-36C0-4961-9752-AF6E2EF17B74}.Release|Any CPU.Build.0 = Release|Any CPU
		{368CA0EE-9DB7-4CCF-9909-5484C50A30EA}.Debug|Any CPU.ActiveCfg = Debug|Any CPU
		{368CA0EE-9DB7-4CCF-9909-5484C50A30EA}.Debug|Any CPU.Build.0 = Debug|Any CPU
		{368CA0EE-9DB7-4CCF-9909-5484C50A30EA}.Release|Any CPU.ActiveCfg = Release|Any CPU
		{368CA0EE-9DB7-4CCF-9909-5484C50A30EA}.Release|Any CPU.Build.0 = Release|Any CPU
		{0CC20B2A-0A75-4CE7-972D-0CFFE667D50F}.Debug|Any CPU.ActiveCfg = Debug|Any CPU
		{0CC20B2A-0A75-4CE7-972D-0CFFE667D50F}.Debug|Any CPU.Build.0 = Debug|Any CPU
		{0CC20B2A-0A75-4CE7-972D-0CFFE667D50F}.Release|Any CPU.ActiveCfg = Release|Any CPU
		{0CC20B2A-0A75-4CE7-972D-0CFFE667D50F}.Release|Any CPU.Build.0 = Release|Any CPU
		{186D8343-0CB5-4255-8A43-178DBA7BC52B}.Debug|Any CPU.ActiveCfg = Debug|Any CPU
		{186D8343-0CB5-4255-8A43-178DBA7BC52B}.Debug|Any CPU.Build.0 = Debug|Any CPU
		{186D8343-0CB5-4255-8A43-178DBA7BC52B}.Release|Any CPU.ActiveCfg = Release|Any CPU
		{186D8343-0CB5-4255-8A43-178DBA7BC52B}.Release|Any CPU.Build.0 = Release|Any CPU
		{240E9583-C90B-40A2-BBE9-74D68260056A}.Debug|Any CPU.ActiveCfg = Debug|Any CPU
		{240E9583-C90B-40A2-BBE9-74D68260056A}.Debug|Any CPU.Build.0 = Debug|Any CPU
		{240E9583-C90B-40A2-BBE9-74D68260056A}.Release|Any CPU.ActiveCfg = Release|Any CPU
		{240E9583-C90B-40A2-BBE9-74D68260056A}.Release|Any CPU.Build.0 = Release|Any CPU
		{EFA52A9B-3797-4997-BCD7-6236930E22F1}.Debug|Any CPU.ActiveCfg = Debug|Any CPU
		{EFA52A9B-3797-4997-BCD7-6236930E22F1}.Debug|Any CPU.Build.0 = Debug|Any CPU
		{EFA52A9B-3797-4997-BCD7-6236930E22F1}.Release|Any CPU.ActiveCfg = Release|Any CPU
		{EFA52A9B-3797-4997-BCD7-6236930E22F1}.Release|Any CPU.Build.0 = Release|Any CPU
		{4EFBDAAA-729E-4E95-B636-1BFAF525A566}.Debug|Any CPU.ActiveCfg = Debug|Any CPU
		{4EFBDAAA-729E-4E95-B636-1BFAF525A566}.Debug|Any CPU.Build.0 = Debug|Any CPU
		{4EFBDAAA-729E-4E95-B636-1BFAF525A566}.Release|Any CPU.ActiveCfg = Release|Any CPU
		{4EFBDAAA-729E-4E95-B636-1BFAF525A566}.Release|Any CPU.Build.0 = Release|Any CPU
		{D729FBBD-3967-4C1A-A652-14AA7EAD1BC6}.Debug|Any CPU.ActiveCfg = Debug|Any CPU
		{D729FBBD-3967-4C1A-A652-14AA7EAD1BC6}.Debug|Any CPU.Build.0 = Debug|Any CPU
		{D729FBBD-3967-4C1A-A652-14AA7EAD1BC6}.Release|Any CPU.ActiveCfg = Release|Any CPU
		{D729FBBD-3967-4C1A-A652-14AA7EAD1BC6}.Release|Any CPU.Build.0 = Release|Any CPU
		{99F342BB-A7AC-490B-8717-D5190BB78C03}.Debug|Any CPU.ActiveCfg = Debug|Any CPU
		{99F342BB-A7AC-490B-8717-D5190BB78C03}.Debug|Any CPU.Build.0 = Debug|Any CPU
		{99F342BB-A7AC-490B-8717-D5190BB78C03}.Release|Any CPU.ActiveCfg = Release|Any CPU
		{99F342BB-A7AC-490B-8717-D5190BB78C03}.Release|Any CPU.Build.0 = Release|Any CPU
		{66D3A35A-909B-40DE-A33E-B0AC76CEB649}.Debug|Any CPU.ActiveCfg = Debug|Any CPU
		{66D3A35A-909B-40DE-A33E-B0AC76CEB649}.Debug|Any CPU.Build.0 = Debug|Any CPU
		{66D3A35A-909B-40DE-A33E-B0AC76CEB649}.Release|Any CPU.ActiveCfg = Release|Any CPU
		{66D3A35A-909B-40DE-A33E-B0AC76CEB649}.Release|Any CPU.Build.0 = Release|Any CPU
		{AB7F856E-BCA0-4DCE-A9E8-4357E5012BB9}.Debug|Any CPU.ActiveCfg = Debug|Any CPU
		{AB7F856E-BCA0-4DCE-A9E8-4357E5012BB9}.Debug|Any CPU.Build.0 = Debug|Any CPU
		{AB7F856E-BCA0-4DCE-A9E8-4357E5012BB9}.Release|Any CPU.ActiveCfg = Release|Any CPU
		{AB7F856E-BCA0-4DCE-A9E8-4357E5012BB9}.Release|Any CPU.Build.0 = Release|Any CPU
	EndGlobalSection
	GlobalSection(NestedProjects) = preSolution
		{9EA5F468-489C-492A-AE8C-F5827C1393CA} = {20CBEDAE-8873-4600-B3F4-6100A5F2A750}
		{215C5E2C-9B83-4BD7-A8AF-21FA1CEAD5A7} = {E943B1BF-73FE-4E08-AE15-AC2837E0D5B7}
		{E9CC6777-9C62-4A82-84DE-B3FD970D2EB3} = {215C5E2C-9B83-4BD7-A8AF-21FA1CEAD5A7}
		{50CAFB61-2A91-4E28-8219-EEE536338B75} = {8D8A76C3-5F89-42A3-88CC-16E7AD55F74C}
		{256EC439-2FF1-4F2E-B927-4AC5F793DF49} = {50CAFB61-2A91-4E28-8219-EEE536338B75}
		{59EFDDEB-B067-4149-B0C5-A4304D9146B1} = {215C5E2C-9B83-4BD7-A8AF-21FA1CEAD5A7}
		{17B28760-FB62-43DD-AF01-287DB6534B56} = {E943B1BF-73FE-4E08-AE15-AC2837E0D5B7}
		{FFC13D8D-2783-4B96-AE18-69F3421E0628} = {17B28760-FB62-43DD-AF01-287DB6534B56}
		{ACA2C947-36C0-4961-9752-AF6E2EF17B74} = {17B28760-FB62-43DD-AF01-287DB6534B56}
		{368CA0EE-9DB7-4CCF-9909-5484C50A30EA} = {215C5E2C-9B83-4BD7-A8AF-21FA1CEAD5A7}
		{A5A7F993-11ED-4FC2-A82A-A3FD48FD5C09} = {8D8A76C3-5F89-42A3-88CC-16E7AD55F74C}
		{0CC20B2A-0A75-4CE7-972D-0CFFE667D50F} = {A5A7F993-11ED-4FC2-A82A-A3FD48FD5C09}
		{259AC0C7-1E11-4C38-878A-B8677C7125A6} = {E943B1BF-73FE-4E08-AE15-AC2837E0D5B7}
		{792152C2-1372-4AED-9772-156B90BB3357} = {259AC0C7-1E11-4C38-878A-B8677C7125A6}
		{186D8343-0CB5-4255-8A43-178DBA7BC52B} = {792152C2-1372-4AED-9772-156B90BB3357}
		{240E9583-C90B-40A2-BBE9-74D68260056A} = {792152C2-1372-4AED-9772-156B90BB3357}
		{EFA52A9B-3797-4997-BCD7-6236930E22F1} = {792152C2-1372-4AED-9772-156B90BB3357}
		{4EFBDAAA-729E-4E95-B636-1BFAF525A566} = {17B28760-FB62-43DD-AF01-287DB6534B56}
		{D729FBBD-3967-4C1A-A652-14AA7EAD1BC6} = {A5A7F993-11ED-4FC2-A82A-A3FD48FD5C09}
		{99F342BB-A7AC-490B-8717-D5190BB78C03} = {792152C2-1372-4AED-9772-156B90BB3357}
		{B4F8E1CA-386D-423B-AEA9-ABDCCFF6ACB1} = {8D8A76C3-5F89-42A3-88CC-16E7AD55F74C}
		{66D3A35A-909B-40DE-A33E-B0AC76CEB649} = {B4F8E1CA-386D-423B-AEA9-ABDCCFF6ACB1}
		{AB7F856E-BCA0-4DCE-A9E8-4357E5012BB9} = {B4F8E1CA-386D-423B-AEA9-ABDCCFF6ACB1}
	EndGlobalSection
EndGlobal
